
Microsoft Visual Studio Solution File, Format Version 12.00
# Visual Studio Version 17
VisualStudioVersion = 17.5.33502.453
MinimumVisualStudioVersion = 10.0.40219.1
Project("{FAE04EC0-301F-11D3-BF4B-00C04F79EFBC}") = "execute_multiple_ffmpeg", "execute_multiple_ffmpeg\execute_multiple_ffmpeg.csproj", "{93A34498-5A7B-4B82-B85E-3990F6A2CCDF}"
EndProject
Global
	GlobalSection(SolutionConfigurationPlatforms) = preSolution
		Debug|Any CPU = Debug|Any CPU
		Release|Any CPU = Release|Any CPU
	EndGlobalSection
	GlobalSection(ProjectConfigurationPlatforms) = postSolution
		{93A34498-5A7B-4B82-B85E-3990F6A2CCDF}.Debug|Any CPU.ActiveCfg = Debug|Any CPU
		{93A34498-5A7B-4B82-B85E-3990F6A2CCDF}.Debug|Any CPU.Build.0 = Debug|Any CPU
		{93A34498-5A7B-4B82-B85E-3990F6A2CCDF}.Release|Any CPU.ActiveCfg = Release|Any CPU
		{93A34498-5A7B-4B82-B85E-3990F6A2CCDF}.Release|Any CPU.Build.0 = Release|Any CPU
	EndGlobalSection
	GlobalSection(SolutionProperties) = preSolution
		HideSolutionNode = FALSE
	EndGlobalSection
	GlobalSection(ExtensibilityGlobals) = postSolution
		SolutionGuid = {179ACD9D-B6C5-49F4-AC4E-4591B80E4936}
	EndGlobalSection
EndGlobal
